
Microsoft Visual Studio Solution File, Format Version 12.00
# Visual Studio Version 17
VisualStudioVersion = 17.0.32014.148
MinimumVisualStudioVersion = 10.0.40219.1
Project("{FAE04EC0-301F-11D3-BF4B-00C04F79EFBC}") = "DFS", "DFS\DFS.csproj", "{8B9CE64D-1A63-4F96-B601-33675BAD783F}"
EndProject
Global
	GlobalSection(SolutionConfigurationPlatforms) = preSolution
		Debug|Any CPU = Debug|Any CPU
		Release|Any CPU = Release|Any CPU
	EndGlobalSection
	GlobalSection(ProjectConfigurationPlatforms) = postSolution
		{8B9CE64D-1A63-4F96-B601-33675BAD783F}.Debug|Any CPU.ActiveCfg = Debug|Any CPU
		{8B9CE64D-1A63-4F96-B601-33675BAD783F}.Debug|Any CPU.Build.0 = Debug|Any CPU
		{8B9CE64D-1A63-4F96-B601-33675BAD783F}.Release|Any CPU.ActiveCfg = Release|Any CPU
		{8B9CE64D-1A63-4F96-B601-33675BAD783F}.Release|Any CPU.Build.0 = Release|Any CPU
	EndGlobalSection
	GlobalSection(SolutionProperties) = preSolution
		HideSolutionNode = FALSE
	EndGlobalSection
	GlobalSection(ExtensibilityGlobals) = postSolution
		SolutionGuid = {7A45C23D-BF80-4357-825F-7453652817AF}
	EndGlobalSection
EndGlobal
